
Microsoft Visual Studio Solution File, Format Version 12.00
# Visual Studio Version 17
VisualStudioVersion = 17.1.32319.34
MinimumVisualStudioVersion = 10.0.40219.1
Project("{FAE04EC0-301F-11D3-BF4B-00C04F79EFBC}") = "BlazorEcommerce.Server", "Server\BlazorEcommerce.Server.csproj", "{BB966E5E-4B97-459D-BB34-675ABEC73088}"
EndProject
Project("{FAE04EC0-301F-11D3-BF4B-00C04F79EFBC}") = "BlazorEcommerce.Client", "Client\BlazorEcommerce.Client.csproj", "{64ADF065-E302-47E2-83BF-57705F71CCB8}"
EndProject
Project("{FAE04EC0-301F-11D3-BF4B-00C04F79EFBC}") = "BlazorEcommerce.Shared", "Shared\BlazorEcommerce.Shared.csproj", "{9D5E373C-E8A7-4404-8CEF-840E31796807}"
EndProject
Global
	GlobalSection(SolutionConfigurationPlatforms) = preSolution
		Debug|Any CPU = Debug|Any CPU
		Release|Any CPU = Release|Any CPU
	EndGlobalSection
	GlobalSection(ProjectConfigurationPlatforms) = postSolution
		{BB966E5E-4B97-459D-BB34-675ABEC73088}.Debug|Any CPU.ActiveCfg = Debug|Any CPU
		{BB966E5E-4B97-459D-BB34-675ABEC73088}.Debug|Any CPU.Build.0 = Debug|Any CPU
		{BB966E5E-4B97-459D-BB34-675ABEC73088}.Release|Any CPU.ActiveCfg = Release|Any CPU
		{BB966E5E-4B97-459D-BB34-675ABEC73088}.Release|Any CPU.Build.0 = Release|Any CPU
		{64ADF065-E302-47E2-83BF-57705F71CCB8}.Debug|Any CPU.ActiveCfg = Debug|Any CPU
		{64ADF065-E302-47E2-83BF-57705F71CCB8}.Debug|Any CPU.Build.0 = Debug|Any CPU
		{64ADF065-E302-47E2-83BF-57705F71CCB8}.Release|Any CPU.ActiveCfg = Release|Any CPU
		{64ADF065-E302-47E2-83BF-57705F71CCB8}.Release|Any CPU.Build.0 = Release|Any CPU
		{9D5E373C-E8A7-4404-8CEF-840E31796807}.Debug|Any CPU.ActiveCfg = Debug|Any CPU
		{9D5E373C-E8A7-4404-8CEF-840E31796807}.Debug|Any CPU.Build.0 = Debug|Any CPU
		{9D5E373C-E8A7-4404-8CEF-840E31796807}.Release|Any CPU.ActiveCfg = Release|Any CPU
		{9D5E373C-E8A7-4404-8CEF-840E31796807}.Release|Any CPU.Build.0 = Release|Any CPU
	EndGlobalSection
	GlobalSection(SolutionProperties) = preSolution
		HideSolutionNode = FALSE
	EndGlobalSection
	GlobalSection(ExtensibilityGlobals) = postSolution
		SolutionGuid = {03FDD968-ADF4-48E2-B5D1-F0154F22FDF1}
	EndGlobalSection
EndGlobal
